// !$*UTF8*$!
{
	archiveVersion = 1;
	classes = {
	};
	objectVersion = 56;
	objects = {

/* Begin PBXBuildFile section */
		2AE101042CE5163500AF5F95 /* AppDelegate.swift in Sources */ = {isa = PBXBuildFile; fileRef = 2AE101032CE5163500AF5F95 /* AppDelegate.swift */; };
		2AE101062CE5163500AF5F95 /* SceneDelegate.swift in Sources */ = {isa = PBXBuildFile; fileRef = 2AE101052CE5163500AF5F95 /* SceneDelegate.swift */; };
		2AE101082CE5163500AF5F95 /* HomeViewController.swift in Sources */ = {isa = PBXBuildFile; fileRef = 2AE101072CE5163500AF5F95 /* HomeViewController.swift */; };
		2AE1010D2CE5163600AF5F95 /* Assets.xcassets in Resources */ = {isa = PBXBuildFile; fileRef = 2AE1010C2CE5163600AF5F95 /* Assets.xcassets */; };
		2AE101102CE5163600AF5F95 /* LaunchScreen.storyboard in Resources */ = {isa = PBXBuildFile; fileRef = 2AE1010E2CE5163600AF5F95 /* LaunchScreen.storyboard */; };
		2AE101202CE61ECF00AF5F95 /* TabBarViewController.swift in Sources */ = {isa = PBXBuildFile; fileRef = 2AE1011F2CE61ECF00AF5F95 /* TabBarViewController.swift */; };
		2AE101222CE61EE200AF5F95 /* SearchViewController.swift in Sources */ = {isa = PBXBuildFile; fileRef = 2AE101212CE61EE200AF5F95 /* SearchViewController.swift */; };
		2AE101242CE61F0F00AF5F95 /* LibraryViewController.swift in Sources */ = {isa = PBXBuildFile; fileRef = 2AE101232CE61F0F00AF5F95 /* LibraryViewController.swift */; };
		2AE101282CE6200900AF5F95 /* AuthViewController.swift in Sources */ = {isa = PBXBuildFile; fileRef = 2AE101272CE6200900AF5F95 /* AuthViewController.swift */; };
		2AE1012A2CE6201A00AF5F95 /* WelcomeViewController.swift in Sources */ = {isa = PBXBuildFile; fileRef = 2AE101292CE6201A00AF5F95 /* WelcomeViewController.swift */; };
		2AE1012C2CE6202200AF5F95 /* SettingsViewController.swift in Sources */ = {isa = PBXBuildFile; fileRef = 2AE1012B2CE6202200AF5F95 /* SettingsViewController.swift */; };
		2AE1012E2CE6203000AF5F95 /* ProfileViewController.swift in Sources */ = {isa = PBXBuildFile; fileRef = 2AE1012D2CE6203000AF5F95 /* ProfileViewController.swift */; };
		2AE101302CE6205100AF5F95 /* PlaylistViewController.swift in Sources */ = {isa = PBXBuildFile; fileRef = 2AE1012F2CE6205100AF5F95 /* PlaylistViewController.swift */; };
		2AE101322CE6206600AF5F95 /* PlayerViewController.swift in Sources */ = {isa = PBXBuildFile; fileRef = 2AE101312CE6206600AF5F95 /* PlayerViewController.swift */; };
		2AE101342CE6208400AF5F95 /* SearchResultsViewController.swift in Sources */ = {isa = PBXBuildFile; fileRef = 2AE101332CE6208400AF5F95 /* SearchResultsViewController.swift */; };
		2AE101362CE6209500AF5F95 /* AuthManager.swift in Sources */ = {isa = PBXBuildFile; fileRef = 2AE101352CE6209500AF5F95 /* AuthManager.swift */; };
		2AE101382CE620A400AF5F95 /* APICaller.swift in Sources */ = {isa = PBXBuildFile; fileRef = 2AE101372CE620A400AF5F95 /* APICaller.swift */; };
		2AE1013A2CE620E200AF5F95 /* HapticsManager.swift in Sources */ = {isa = PBXBuildFile; fileRef = 2AE101392CE620E200AF5F95 /* HapticsManager.swift */; };
		2AE1013C2CE620F300AF5F95 /* Playlist.swift in Sources */ = {isa = PBXBuildFile; fileRef = 2AE1013B2CE620F300AF5F95 /* Playlist.swift */; };
		2AE1013E2CE6210000AF5F95 /* AudioTrack.swift in Sources */ = {isa = PBXBuildFile; fileRef = 2AE1013D2CE6210000AF5F95 /* AudioTrack.swift */; };
		2AE101402CE6210900AF5F95 /* Artist.swift in Sources */ = {isa = PBXBuildFile; fileRef = 2AE1013F2CE6210900AF5F95 /* Artist.swift */; };
		2AE101422CE6211600AF5F95 /* UserProfile.swift in Sources */ = {isa = PBXBuildFile; fileRef = 2AE101412CE6211600AF5F95 /* UserProfile.swift */; };
/* End PBXBuildFile section */

/* Begin PBXFileReference section */
		2AE101002CE5163500AF5F95 /* spotifyClone.app */ = {isa = PBXFileReference; explicitFileType = wrapper.application; includeInIndex = 0; path = spotifyClone.app; sourceTree = BUILT_PRODUCTS_DIR; };
		2AE101032CE5163500AF5F95 /* AppDelegate.swift */ = {isa = PBXFileReference; lastKnownFileType = sourcecode.swift; path = AppDelegate.swift; sourceTree = "<group>"; };
		2AE101052CE5163500AF5F95 /* SceneDelegate.swift */ = {isa = PBXFileReference; lastKnownFileType = sourcecode.swift; path = SceneDelegate.swift; sourceTree = "<group>"; };
		2AE101072CE5163500AF5F95 /* HomeViewController.swift */ = {isa = PBXFileReference; lastKnownFileType = sourcecode.swift; path = HomeViewController.swift; sourceTree = "<group>"; };
		2AE1010C2CE5163600AF5F95 /* Assets.xcassets */ = {isa = PBXFileReference; lastKnownFileType = folder.assetcatalog; path = Assets.xcassets; sourceTree = "<group>"; };
		2AE1010F2CE5163600AF5F95 /* Base */ = {isa = PBXFileReference; lastKnownFileType = file.storyboard; name = Base; path = Base.lproj/LaunchScreen.storyboard; sourceTree = "<group>"; };
		2AE101112CE5163600AF5F95 /* Info.plist */ = {isa = PBXFileReference; lastKnownFileType = text.plist.xml; path = Info.plist; sourceTree = "<group>"; };
		2AE1011F2CE61ECF00AF5F95 /* TabBarViewController.swift */ = {isa = PBXFileReference; lastKnownFileType = sourcecode.swift; path = TabBarViewController.swift; sourceTree = "<group>"; };
		2AE101212CE61EE200AF5F95 /* SearchViewController.swift */ = {isa = PBXFileReference; lastKnownFileType = sourcecode.swift; path = SearchViewController.swift; sourceTree = "<group>"; };
		2AE101232CE61F0F00AF5F95 /* LibraryViewController.swift */ = {isa = PBXFileReference; lastKnownFileType = sourcecode.swift; path = LibraryViewController.swift; sourceTree = "<group>"; };
		2AE101272CE6200900AF5F95 /* AuthViewController.swift */ = {isa = PBXFileReference; lastKnownFileType = sourcecode.swift; path = AuthViewController.swift; sourceTree = "<group>"; };
		2AE101292CE6201A00AF5F95 /* WelcomeViewController.swift */ = {isa = PBXFileReference; lastKnownFileType = sourcecode.swift; path = WelcomeViewController.swift; sourceTree = "<group>"; };
		2AE1012B2CE6202200AF5F95 /* SettingsViewController.swift */ = {isa = PBXFileReference; lastKnownFileType = sourcecode.swift; path = SettingsViewController.swift; sourceTree = "<group>"; };
		2AE1012D2CE6203000AF5F95 /* ProfileViewController.swift */ = {isa = PBXFileReference; lastKnownFileType = sourcecode.swift; path = ProfileViewController.swift; sourceTree = "<group>"; };
		2AE1012F2CE6205100AF5F95 /* PlaylistViewController.swift */ = {isa = PBXFileReference; lastKnownFileType = sourcecode.swift; path = PlaylistViewController.swift; sourceTree = "<group>"; };
		2AE101312CE6206600AF5F95 /* PlayerViewController.swift */ = {isa = PBXFileReference; lastKnownFileType = sourcecode.swift; path = PlayerViewController.swift; sourceTree = "<group>"; };
		2AE101332CE6208400AF5F95 /* SearchResultsViewController.swift */ = {isa = PBXFileReference; lastKnownFileType = sourcecode.swift; path = SearchResultsViewController.swift; sourceTree = "<group>"; };
		2AE101352CE6209500AF5F95 /* AuthManager.swift */ = {isa = PBXFileReference; lastKnownFileType = sourcecode.swift; path = AuthManager.swift; sourceTree = "<group>"; };
		2AE101372CE620A400AF5F95 /* APICaller.swift */ = {isa = PBXFileReference; lastKnownFileType = sourcecode.swift; path = APICaller.swift; sourceTree = "<group>"; };
		2AE101392CE620E200AF5F95 /* HapticsManager.swift */ = {isa = PBXFileReference; lastKnownFileType = sourcecode.swift; path = HapticsManager.swift; sourceTree = "<group>"; };
		2AE1013B2CE620F300AF5F95 /* Playlist.swift */ = {isa = PBXFileReference; lastKnownFileType = sourcecode.swift; path = Playlist.swift; sourceTree = "<group>"; };
		2AE1013D2CE6210000AF5F95 /* AudioTrack.swift */ = {isa = PBXFileReference; lastKnownFileType = sourcecode.swift; path = AudioTrack.swift; sourceTree = "<group>"; };
		2AE1013F2CE6210900AF5F95 /* Artist.swift */ = {isa = PBXFileReference; lastKnownFileType = sourcecode.swift; path = Artist.swift; sourceTree = "<group>"; };
		2AE101412CE6211600AF5F95 /* UserProfile.swift */ = {isa = PBXFileReference; lastKnownFileType = sourcecode.swift; path = UserProfile.swift; sourceTree = "<group>"; };
/* End PBXFileReference section */

/* Begin PBXFrameworksBuildPhase section */
		2AE100FD2CE5163500AF5F95 /* Frameworks */ = {
			isa = PBXFrameworksBuildPhase;
			buildActionMask = 2147483647;
			files = (
			);
			runOnlyForDeploymentPostprocessing = 0;
		};
/* End PBXFrameworksBuildPhase section */

/* Begin PBXGroup section */
		2AE100F72CE5163500AF5F95 = {
			isa = PBXGroup;
			children = (
				2AE101022CE5163500AF5F95 /* spotifyClone */,
				2AE101012CE5163500AF5F95 /* Products */,
			);
			sourceTree = "<group>";
		};
		2AE101012CE5163500AF5F95 /* Products */ = {
			isa = PBXGroup;
			children = (
				2AE101002CE5163500AF5F95 /* spotifyClone.app */,
			);
			name = Products;
			sourceTree = "<group>";
		};
		2AE101022CE5163500AF5F95 /* spotifyClone */ = {
			isa = PBXGroup;
			children = (
				2AE1011C2CE5176100AF5F95 /* Resources */,
				2AE101172CE5171D00AF5F95 /* Managers */,
				2AE101182CE5172700AF5F95 /* ViewModels */,
				2AE101192CE5173100AF5F95 /* Models */,
				2AE1011A2CE5173A00AF5F95 /* Views */,
				2AE1011B2CE5174600AF5F95 /* Controllers */,
				2AE101112CE5163600AF5F95 /* Info.plist */,
			);
			path = spotifyClone;
			sourceTree = "<group>";
		};
		2AE101172CE5171D00AF5F95 /* Managers */ = {
			isa = PBXGroup;
			children = (
				2AE101352CE6209500AF5F95 /* AuthManager.swift */,
				2AE101372CE620A400AF5F95 /* APICaller.swift */,
				2AE101392CE620E200AF5F95 /* HapticsManager.swift */,
			);
			name = Managers;
			sourceTree = "<group>";
		};
		2AE101182CE5172700AF5F95 /* ViewModels */ = {
			isa = PBXGroup;
			children = (
			);
			name = ViewModels;
			sourceTree = "<group>";
		};
		2AE101192CE5173100AF5F95 /* Models */ = {
			isa = PBXGroup;
			children = (
				2AE1013B2CE620F300AF5F95 /* Playlist.swift */,
				2AE1013D2CE6210000AF5F95 /* AudioTrack.swift */,
				2AE1013F2CE6210900AF5F95 /* Artist.swift */,
				2AE101412CE6211600AF5F95 /* UserProfile.swift */,
			);
			name = Models;
			sourceTree = "<group>";
		};
		2AE1011A2CE5173A00AF5F95 /* Views */ = {
			isa = PBXGroup;
			children = (
				2AE1010E2CE5163600AF5F95 /* LaunchScreen.storyboard */,
			);
			name = Views;
			sourceTree = "<group>";
		};
		2AE1011B2CE5174600AF5F95 /* Controllers */ = {
			isa = PBXGroup;
			children = (
				2AE101262CE61FDE00AF5F95 /* Other */,
				2AE101252CE61F7C00AF5F95 /* Core */,
			);
			name = Controllers;
			sourceTree = "<group>";
		};
		2AE1011C2CE5176100AF5F95 /* Resources */ = {
			isa = PBXGroup;
			children = (
				2AE101052CE5163500AF5F95 /* SceneDelegate.swift */,
				2AE101032CE5163500AF5F95 /* AppDelegate.swift */,
				2AE1010C2CE5163600AF5F95 /* Assets.xcassets */,
			);
			name = Resources;
			sourceTree = "<group>";
		};
		2AE101252CE61F7C00AF5F95 /* Core */ = {
			isa = PBXGroup;
			children = (
				2AE1011F2CE61ECF00AF5F95 /* TabBarViewController.swift */,
				2AE101232CE61F0F00AF5F95 /* LibraryViewController.swift */,
				2AE101212CE61EE200AF5F95 /* SearchViewController.swift */,
				2AE101072CE5163500AF5F95 /* HomeViewController.swift */,
			);
			name = Core;
			sourceTree = "<group>";
		};
		2AE101262CE61FDE00AF5F95 /* Other */ = {
			isa = PBXGroup;
			children = (
				2AE101272CE6200900AF5F95 /* AuthViewController.swift */,
				2AE101292CE6201A00AF5F95 /* WelcomeViewController.swift */,
				2AE1012B2CE6202200AF5F95 /* SettingsViewController.swift */,
				2AE1012D2CE6203000AF5F95 /* ProfileViewController.swift */,
				2AE1012F2CE6205100AF5F95 /* PlaylistViewController.swift */,
				2AE101312CE6206600AF5F95 /* PlayerViewController.swift */,
				2AE101332CE6208400AF5F95 /* SearchResultsViewController.swift */,
			);
			name = Other;
			sourceTree = "<group>";
		};
/* End PBXGroup section */

/* Begin PBXNativeTarget section */
		2AE100FF2CE5163500AF5F95 /* spotifyClone */ = {
			isa = PBXNativeTarget;
			buildConfigurationList = 2AE101142CE5163600AF5F95 /* Build configuration list for PBXNativeTarget "spotifyClone" */;
			buildPhases = (
				2AE100FC2CE5163500AF5F95 /* Sources */,
				2AE100FD2CE5163500AF5F95 /* Frameworks */,
				2AE100FE2CE5163500AF5F95 /* Resources */,
			);
			buildRules = (
			);
			dependencies = (
			);
			name = spotifyClone;
			productName = spotifyClone;
			productReference = 2AE101002CE5163500AF5F95 /* spotifyClone.app */;
			productType = "com.apple.product-type.application";
		};
/* End PBXNativeTarget section */

/* Begin PBXProject section */
		2AE100F82CE5163500AF5F95 /* Project object */ = {
			isa = PBXProject;
			attributes = {
				BuildIndependentTargetsInParallel = 1;
				LastSwiftUpdateCheck = 1430;
				LastUpgradeCheck = 1430;
				TargetAttributes = {
					2AE100FF2CE5163500AF5F95 = {
						CreatedOnToolsVersion = 14.3.1;
					};
				};
			};
			buildConfigurationList = 2AE100FB2CE5163500AF5F95 /* Build configuration list for PBXProject "spotifyClone" */;
			compatibilityVersion = "Xcode 14.0";
			developmentRegion = en;
			hasScannedForEncodings = 0;
			knownRegions = (
				en,
				Base,
			);
			mainGroup = 2AE100F72CE5163500AF5F95;
			productRefGroup = 2AE101012CE5163500AF5F95 /* Products */;
			projectDirPath = "";
			projectRoot = "";
			targets = (
				2AE100FF2CE5163500AF5F95 /* spotifyClone */,
			);
		};
/* End PBXProject section */

/* Begin PBXResourcesBuildPhase section */
		2AE100FE2CE5163500AF5F95 /* Resources */ = {
			isa = PBXResourcesBuildPhase;
			buildActionMask = 2147483647;
			files = (
				2AE101102CE5163600AF5F95 /* LaunchScreen.storyboard in Resources */,
				2AE1010D2CE5163600AF5F95 /* Assets.xcassets in Resources */,
			);
			runOnlyForDeploymentPostprocessing = 0;
		};
/* End PBXResourcesBuildPhase section */

/* Begin PBXSourcesBuildPhase section */
		2AE100FC2CE5163500AF5F95 /* Sources */ = {
			isa = PBXSourcesBuildPhase;
			buildActionMask = 2147483647;
			files = (
				2AE101222CE61EE200AF5F95 /* SearchViewController.swift in Sources */,
				2AE1013C2CE620F300AF5F95 /* Playlist.swift in Sources */,
				2AE101362CE6209500AF5F95 /* AuthManager.swift in Sources */,
				2AE101342CE6208400AF5F95 /* SearchResultsViewController.swift in Sources */,
				2AE1012A2CE6201A00AF5F95 /* WelcomeViewController.swift in Sources */,
				2AE1012E2CE6203000AF5F95 /* ProfileViewController.swift in Sources */,
				2AE101202CE61ECF00AF5F95 /* TabBarViewController.swift in Sources */,
				2AE1013A2CE620E200AF5F95 /* HapticsManager.swift in Sources */,
				2AE1013E2CE6210000AF5F95 /* AudioTrack.swift in Sources */,
				2AE101082CE5163500AF5F95 /* HomeViewController.swift in Sources */,
				2AE101322CE6206600AF5F95 /* PlayerViewController.swift in Sources */,
				2AE101282CE6200900AF5F95 /* AuthViewController.swift in Sources */,
				2AE101422CE6211600AF5F95 /* UserProfile.swift in Sources */,
				2AE101042CE5163500AF5F95 /* AppDelegate.swift in Sources */,
				2AE101402CE6210900AF5F95 /* Artist.swift in Sources */,
				2AE101302CE6205100AF5F95 /* PlaylistViewController.swift in Sources */,
				2AE101242CE61F0F00AF5F95 /* LibraryViewController.swift in Sources */,
				2AE101062CE5163500AF5F95 /* SceneDelegate.swift in Sources */,
				2AE101382CE620A400AF5F95 /* APICaller.swift in Sources */,
				2AE1012C2CE6202200AF5F95 /* SettingsViewController.swift in Sources */,
			);
			runOnlyForDeploymentPostprocessing = 0;
		};
/* End PBXSourcesBuildPhase section */

/* Begin PBXVariantGroup section */
		2AE1010E2CE5163600AF5F95 /* LaunchScreen.storyboard */ = {
			isa = PBXVariantGroup;
			children = (
				2AE1010F2CE5163600AF5F95 /* Base */,
			);
			name = LaunchScreen.storyboard;
			sourceTree = "<group>";
		};
/* End PBXVariantGroup section */

/* Begin XCBuildConfiguration section */
		2AE101122CE5163600AF5F95 /* Debug */ = {
			isa = XCBuildConfiguration;
			buildSettings = {
				ALWAYS_SEARCH_USER_PATHS = NO;
				CLANG_ANALYZER_NONNULL = YES;
				CLANG_ANALYZER_NUMBER_OBJECT_CONVERSION = YES_AGGRESSIVE;
				CLANG_CXX_LANGUAGE_STANDARD = "gnu++20";
				CLANG_ENABLE_MODULES = YES;
				CLANG_ENABLE_OBJC_ARC = YES;
				CLANG_ENABLE_OBJC_WEAK = YES;
				CLANG_WARN_BLOCK_CAPTURE_AUTORELEASING = YES;
				CLANG_WARN_BOOL_CONVERSION = YES;
				CLANG_WARN_COMMA = YES;
				CLANG_WARN_CONSTANT_CONVERSION = YES;
				CLANG_WARN_DEPRECATED_OBJC_IMPLEMENTATIONS = YES;
				CLANG_WARN_DIRECT_OBJC_ISA_USAGE = YES_ERROR;
				CLANG_WARN_DOCUMENTATION_COMMENTS = YES;
				CLANG_WARN_EMPTY_BODY = YES;
				CLANG_WARN_ENUM_CONVERSION = YES;
				CLANG_WARN_INFINITE_RECURSION = YES;
				CLANG_WARN_INT_CONVERSION = YES;
				CLANG_WARN_NON_LITERAL_NULL_CONVERSION = YES;
				CLANG_WARN_OBJC_IMPLICIT_RETAIN_SELF = YES;
				CLANG_WARN_OBJC_LITERAL_CONVERSION = YES;
				CLANG_WARN_OBJC_ROOT_CLASS = YES_ERROR;
				CLANG_WARN_QUOTED_INCLUDE_IN_FRAMEWORK_HEADER = YES;
				CLANG_WARN_RANGE_LOOP_ANALYSIS = YES;
				CLANG_WARN_STRICT_PROTOTYPES = YES;
				CLANG_WARN_SUSPICIOUS_MOVE = YES;
				CLANG_WARN_UNGUARDED_AVAILABILITY = YES_AGGRESSIVE;
				CLANG_WARN_UNREACHABLE_CODE = YES;
				CLANG_WARN__DUPLICATE_METHOD_MATCH = YES;
				COPY_PHASE_STRIP = NO;
				DEBUG_INFORMATION_FORMAT = dwarf;
				ENABLE_STRICT_OBJC_MSGSEND = YES;
				ENABLE_TESTABILITY = YES;
				GCC_C_LANGUAGE_STANDARD = gnu11;
				GCC_DYNAMIC_NO_PIC = NO;
				GCC_NO_COMMON_BLOCKS = YES;
				GCC_OPTIMIZATION_LEVEL = 0;
				GCC_PREPROCESSOR_DEFINITIONS = (
					"DEBUG=1",
					"$(inherited)",
				);
				GCC_WARN_64_TO_32_BIT_CONVERSION = YES;
				GCC_WARN_ABOUT_RETURN_TYPE = YES_ERROR;
				GCC_WARN_UNDECLARED_SELECTOR = YES;
				GCC_WARN_UNINITIALIZED_AUTOS = YES_AGGRESSIVE;
				GCC_WARN_UNUSED_FUNCTION = YES;
				GCC_WARN_UNUSED_VARIABLE = YES;
				IPHONEOS_DEPLOYMENT_TARGET = 16.4;
				MTL_ENABLE_DEBUG_INFO = INCLUDE_SOURCE;
				MTL_FAST_MATH = YES;
				ONLY_ACTIVE_ARCH = YES;
				SDKROOT = iphoneos;
				SWIFT_ACTIVE_COMPILATION_CONDITIONS = DEBUG;
				SWIFT_OPTIMIZATION_LEVEL = "-Onone";
			};
			name = Debug;
		};
		2AE101132CE5163600AF5F95 /* Release */ = {
			isa = XCBuildConfiguration;
			buildSettings = {
				ALWAYS_SEARCH_USER_PATHS = NO;
				CLANG_ANALYZER_NONNULL = YES;
				CLANG_ANALYZER_NUMBER_OBJECT_CONVERSION = YES_AGGRESSIVE;
				CLANG_CXX_LANGUAGE_STANDARD = "gnu++20";
				CLANG_ENABLE_MODULES = YES;
				CLANG_ENABLE_OBJC_ARC = YES;
				CLANG_ENABLE_OBJC_WEAK = YES;
				CLANG_WARN_BLOCK_CAPTURE_AUTORELEASING = YES;
				CLANG_WARN_BOOL_CONVERSION = YES;
				CLANG_WARN_COMMA = YES;
				CLANG_WARN_CONSTANT_CONVERSION = YES;
				CLANG_WARN_DEPRECATED_OBJC_IMPLEMENTATIONS = YES;
				CLANG_WARN_DIRECT_OBJC_ISA_USAGE = YES_ERROR;
				CLANG_WARN_DOCUMENTATION_COMMENTS = YES;
				CLANG_WARN_EMPTY_BODY = YES;
				CLANG_WARN_ENUM_CONVERSION = YES;
				CLANG_WARN_INFINITE_RECURSION = YES;
				CLANG_WARN_INT_CONVERSION = YES;
				CLANG_WARN_NON_LITERAL_NULL_CONVERSION = YES;
				CLANG_WARN_OBJC_IMPLICIT_RETAIN_SELF = YES;
				CLANG_WARN_OBJC_LITERAL_CONVERSION = YES;
				CLANG_WARN_OBJC_ROOT_CLASS = YES_ERROR;
				CLANG_WARN_QUOTED_INCLUDE_IN_FRAMEWORK_HEADER = YES;
				CLANG_WARN_RANGE_LOOP_ANALYSIS = YES;
				CLANG_WARN_STRICT_PROTOTYPES = YES;
				CLANG_WARN_SUSPICIOUS_MOVE = YES;
				CLANG_WARN_UNGUARDED_AVAILABILITY = YES_AGGRESSIVE;
				CLANG_WARN_UNREACHABLE_CODE = YES;
				CLANG_WARN__DUPLICATE_METHOD_MATCH = YES;
				COPY_PHASE_STRIP = NO;
				DEBUG_INFORMATION_FORMAT = "dwarf-with-dsym";
				ENABLE_NS_ASSERTIONS = NO;
				ENABLE_STRICT_OBJC_MSGSEND = YES;
				GCC_C_LANGUAGE_STANDARD = gnu11;
				GCC_NO_COMMON_BLOCKS = YES;
				GCC_WARN_64_TO_32_BIT_CONVERSION = YES;
				GCC_WARN_ABOUT_RETURN_TYPE = YES_ERROR;
				GCC_WARN_UNDECLARED_SELECTOR = YES;
				GCC_WARN_UNINITIALIZED_AUTOS = YES_AGGRESSIVE;
				GCC_WARN_UNUSED_FUNCTION = YES;
				GCC_WARN_UNUSED_VARIABLE = YES;
				IPHONEOS_DEPLOYMENT_TARGET = 16.4;
				MTL_ENABLE_DEBUG_INFO = NO;
				MTL_FAST_MATH = YES;
				SDKROOT = iphoneos;
				SWIFT_COMPILATION_MODE = wholemodule;
				SWIFT_OPTIMIZATION_LEVEL = "-O";
				VALIDATE_PRODUCT = YES;
			};
			name = Release;
		};
		2AE101152CE5163600AF5F95 /* Debug */ = {
			isa = XCBuildConfiguration;
			buildSettings = {
				ASSETCATALOG_COMPILER_APPICON_NAME = AppIcon;
				ASSETCATALOG_COMPILER_GLOBAL_ACCENT_COLOR_NAME = AccentColor;
				CODE_SIGN_STYLE = Automatic;
				CURRENT_PROJECT_VERSION = 1;
				GENERATE_INFOPLIST_FILE = YES;
				INFOPLIST_FILE = spotifyClone/Info.plist;
				INFOPLIST_KEY_UIApplicationSupportsIndirectInputEvents = YES;
				INFOPLIST_KEY_UILaunchStoryboardName = LaunchScreen;
				INFOPLIST_KEY_UISupportedInterfaceOrientations_iPad = "UIInterfaceOrientationPortrait UIInterfaceOrientationPortraitUpsideDown UIInterfaceOrientationLandscapeLeft UIInterfaceOrientationLandscapeRight";
				INFOPLIST_KEY_UISupportedInterfaceOrientations_iPhone = "UIInterfaceOrientationPortrait UIInterfaceOrientationLandscapeLeft UIInterfaceOrientationLandscapeRight";
				LD_RUNPATH_SEARCH_PATHS = (
					"$(inherited)",
					"@executable_path/Frameworks",
				);
				MARKETING_VERSION = 1.0;
				PRODUCT_BUNDLE_IDENTIFIER = com.seyhan.can.mehmet.spotifyClone;
				PRODUCT_NAME = "$(TARGET_NAME)";
				SWIFT_EMIT_LOC_STRINGS = YES;
				SWIFT_VERSION = 5.0;
				TARGETED_DEVICE_FAMILY = "1,2";
			};
			name = Debug;
		};
		2AE101162CE5163600AF5F95 /* Release */ = {
			isa = XCBuildConfiguration;
			buildSettings = {
				ASSETCATALOG_COMPILER_APPICON_NAME = AppIcon;
				ASSETCATALOG_COMPILER_GLOBAL_ACCENT_COLOR_NAME = AccentColor;
				CODE_SIGN_STYLE = Automatic;
				CURRENT_PROJECT_VERSION = 1;
				GENERATE_INFOPLIST_FILE = YES;
				INFOPLIST_FILE = spotifyClone/Info.plist;
				INFOPLIST_KEY_UIApplicationSupportsIndirectInputEvents = YES;
				INFOPLIST_KEY_UILaunchStoryboardName = LaunchScreen;
				INFOPLIST_KEY_UISupportedInterfaceOrientations_iPad = "UIInterfaceOrientationPortrait UIInterfaceOrientationPortraitUpsideDown UIInterfaceOrientationLandscapeLeft UIInterfaceOrientationLandscapeRight";
				INFOPLIST_KEY_UISupportedInterfaceOrientations_iPhone = "UIInterfaceOrientationPortrait UIInterfaceOrientationLandscapeLeft UIInterfaceOrientationLandscapeRight";
				LD_RUNPATH_SEARCH_PATHS = (
					"$(inherited)",
					"@executable_path/Frameworks",
				);
				MARKETING_VERSION = 1.0;
				PRODUCT_BUNDLE_IDENTIFIER = com.seyhan.can.mehmet.spotifyClone;
				PRODUCT_NAME = "$(TARGET_NAME)";
				SWIFT_EMIT_LOC_STRINGS = YES;
				SWIFT_VERSION = 5.0;
				TARGETED_DEVICE_FAMILY = "1,2";
			};
			name = Release;
		};
/* End XCBuildConfiguration section */

/* Begin XCConfigurationList section */
		2AE100FB2CE5163500AF5F95 /* Build configuration list for PBXProject "spotifyClone" */ = {
			isa = XCConfigurationList;
			buildConfigurations = (
				2AE101122CE5163600AF5F95 /* Debug */,
				2AE101132CE5163600AF5F95 /* Release */,
			);
			defaultConfigurationIsVisible = 0;
			defaultConfigurationName = Release;
		};
		2AE101142CE5163600AF5F95 /* Build configuration list for PBXNativeTarget "spotifyClone" */ = {
			isa = XCConfigurationList;
			buildConfigurations = (
				2AE101152CE5163600AF5F95 /* Debug */,
				2AE101162CE5163600AF5F95 /* Release */,
			);
			defaultConfigurationIsVisible = 0;
			defaultConfigurationName = Release;
		};
/* End XCConfigurationList section */
	};
	rootObject = 2AE100F82CE5163500AF5F95 /* Project object */;
}
